
Microsoft Visual Studio Solution File, Format Version 12.00
# Visual Studio 15
VisualStudioVersion = 15.0.27004.2009
MinimumVisualStudioVersion = 10.0.40219.1
Project("{9A19103F-16F7-4668-BE54-9A1E7A4F7556}") = "WebApi", "WebApi\WebApi.csproj", "{20CF7814-5DB4-453A-913C-39FF1E6539AE}"
EndProject
Project("{9A19103F-16F7-4668-BE54-9A1E7A4F7556}") = "Services", "Services\Services.csproj", "{C71DE5B1-5C68-4C63-8CF9-6DB0371E627E}"
EndProject
Project("{9A19103F-16F7-4668-BE54-9A1E7A4F7556}") = "Domain", "Domain\Domain.csproj", "{6F3E886D-C788-45B0-B79F-DBA435833E7B}"
EndProject
Project("{9A19103F-16F7-4668-BE54-9A1E7A4F7556}") = "CQRSlite", "CQRSlite\CQRSlite.csproj", "{CCFBC42E-358C-4CEC-BB88-AE1F0C1438F9}"
EndProject
Project("{9A19103F-16F7-4668-BE54-9A1E7A4F7556}") = "DataLayer", "DataLayer\DataLayer.csproj", "{FF721244-5740-40C9-9B13-3C8343AC1CF7}"
EndProject
Project("{9A19103F-16F7-4668-BE54-9A1E7A4F7556}") = "EventsConsummer", "EventsConsummer\EventsConsummer.csproj", "{3824BE5D-3CF0-4182-B93E-4706982454A1}"
EndProject
Project("{FAE04EC0-301F-11D3-BF4B-00C04F79EFBC}") = "Services.Tests", "Services.Tests\Services.Tests.csproj", "{67AE6D32-43D2-4716-ACC1-19528B1BBD82}"
EndProject
Global
	GlobalSection(SolutionConfigurationPlatforms) = preSolution
		Debug|Any CPU = Debug|Any CPU
		Release|Any CPU = Release|Any CPU
	EndGlobalSection
	GlobalSection(ProjectConfigurationPlatforms) = postSolution
		{20CF7814-5DB4-453A-913C-39FF1E6539AE}.Debug|Any CPU.ActiveCfg = Debug|Any CPU
		{20CF7814-5DB4-453A-913C-39FF1E6539AE}.Debug|Any CPU.Build.0 = Debug|Any CPU
		{20CF7814-5DB4-453A-913C-39FF1E6539AE}.Release|Any CPU.ActiveCfg = Release|Any CPU
		{20CF7814-5DB4-453A-913C-39FF1E6539AE}.Release|Any CPU.Build.0 = Release|Any CPU
		{C71DE5B1-5C68-4C63-8CF9-6DB0371E627E}.Debug|Any CPU.ActiveCfg = Debug|Any CPU
		{C71DE5B1-5C68-4C63-8CF9-6DB0371E627E}.Debug|Any CPU.Build.0 = Debug|Any CPU
		{C71DE5B1-5C68-4C63-8CF9-6DB0371E627E}.Release|Any CPU.ActiveCfg = Release|Any CPU
		{C71DE5B1-5C68-4C63-8CF9-6DB0371E627E}.Release|Any CPU.Build.0 = Release|Any CPU
		{6F3E886D-C788-45B0-B79F-DBA435833E7B}.Debug|Any CPU.ActiveCfg = Debug|Any CPU
		{6F3E886D-C788-45B0-B79F-DBA435833E7B}.Debug|Any CPU.Build.0 = Debug|Any CPU
		{6F3E886D-C788-45B0-B79F-DBA435833E7B}.Release|Any CPU.ActiveCfg = Release|Any CPU
		{6F3E886D-C788-45B0-B79F-DBA435833E7B}.Release|Any CPU.Build.0 = Release|Any CPU
		{CCFBC42E-358C-4CEC-BB88-AE1F0C1438F9}.Debug|Any CPU.ActiveCfg = Debug|Any CPU
		{CCFBC42E-358C-4CEC-BB88-AE1F0C1438F9}.Debug|Any CPU.Build.0 = Debug|Any CPU
		{CCFBC42E-358C-4CEC-BB88-AE1F0C1438F9}.Release|Any CPU.ActiveCfg = Release|Any CPU
		{CCFBC42E-358C-4CEC-BB88-AE1F0C1438F9}.Release|Any CPU.Build.0 = Release|Any CPU
		{FF721244-5740-40C9-9B13-3C8343AC1CF7}.Debug|Any CPU.ActiveCfg = Debug|Any CPU
		{FF721244-5740-40C9-9B13-3C8343AC1CF7}.Debug|Any CPU.Build.0 = Debug|Any CPU
		{FF721244-5740-40C9-9B13-3C8343AC1CF7}.Release|Any CPU.ActiveCfg = Release|Any CPU
		{FF721244-5740-40C9-9B13-3C8343AC1CF7}.Release|Any CPU.Build.0 = Release|Any CPU
		{3824BE5D-3CF0-4182-B93E-4706982454A1}.Debug|Any CPU.ActiveCfg = Debug|Any CPU
		{3824BE5D-3CF0-4182-B93E-4706982454A1}.Debug|Any CPU.Build.0 = Debug|Any CPU
		{3824BE5D-3CF0-4182-B93E-4706982454A1}.Release|Any CPU.ActiveCfg = Release|Any CPU
		{3824BE5D-3CF0-4182-B93E-4706982454A1}.Release|Any CPU.Build.0 = Release|Any CPU
		{67AE6D32-43D2-4716-ACC1-19528B1BBD82}.Debug|Any CPU.ActiveCfg = Debug|Any CPU
		{67AE6D32-43D2-4716-ACC1-19528B1BBD82}.Debug|Any CPU.Build.0 = Debug|Any CPU
		{67AE6D32-43D2-4716-ACC1-19528B1BBD82}.Release|Any CPU.ActiveCfg = Release|Any CPU
		{67AE6D32-43D2-4716-ACC1-19528B1BBD82}.Release|Any CPU.Build.0 = Release|Any CPU
	EndGlobalSection
	GlobalSection(SolutionProperties) = preSolution
		HideSolutionNode = FALSE
	EndGlobalSection
	GlobalSection(ExtensibilityGlobals) = postSolution
		SolutionGuid = {BC007FC1-7512-42EC-BB31-A020C04434A3}
	EndGlobalSection
EndGlobal
